
Microsoft Visual Studio Solution File, Format Version 12.00
# Visual Studio Version 16
VisualStudioVersion = 16.0.32126.315
MinimumVisualStudioVersion = 10.0.40219.1
Project("{FAE04EC0-301F-11D3-BF4B-00C04F79EFBC}") = "WebDemo", "WebDemo\WebDemo.csproj", "{522AF350-85E5-4A7B-A6EE-77727827D12E}"
EndProject
Global
	GlobalSection(SolutionConfigurationPlatforms) = preSolution
		Debug|Any CPU = Debug|Any CPU
		Release|Any CPU = Release|Any CPU
	EndGlobalSection
	GlobalSection(ProjectConfigurationPlatforms) = postSolution
		{522AF350-85E5-4A7B-A6EE-77727827D12E}.Debug|Any CPU.ActiveCfg = Debug|Any CPU
		{522AF350-85E5-4A7B-A6EE-77727827D12E}.Debug|Any CPU.Build.0 = Debug|Any CPU
		{522AF350-85E5-4A7B-A6EE-77727827D12E}.Release|Any CPU.ActiveCfg = Release|Any CPU
		{522AF350-85E5-4A7B-A6EE-77727827D12E}.Release|Any CPU.Build.0 = Release|Any CPU
	EndGlobalSection
	GlobalSection(SolutionProperties) = preSolution
		HideSolutionNode = FALSE
	EndGlobalSection
	GlobalSection(ExtensibilityGlobals) = postSolution
		SolutionGuid = {19B507B8-1EAA-46D3-860E-2DAA21CFF822}
	EndGlobalSection
EndGlobal
