
Microsoft Visual Studio Solution File, Format Version 12.00
# Visual Studio Version 16
VisualStudioVersion = 16.0.32126.315
MinimumVisualStudioVersion = 10.0.40219.1
Project("{9A19103F-16F7-4668-BE54-9A1E7A4F7556}") = "Question01", "Question01\Question01.csproj", "{263B60DB-D15D-4C0C-8230-662828B94B1B}"
EndProject
Project("{FAE04EC0-301F-11D3-BF4B-00C04F79EFBC}") = "Question02", "Question02\Question02.csproj", "{74A59AAE-8C59-4E0E-B701-885445DFC82F}"
EndProject
Project("{FAE04EC0-301F-11D3-BF4B-00C04F79EFBC}") = "Question03", "Question03\Question03.csproj", "{E3296846-BCFD-4FBA-AB5E-04891637D085}"
EndProject
Project("{FAE04EC0-301F-11D3-BF4B-00C04F79EFBC}") = "Question04", "Question04\Question04.csproj", "{90E64791-F77D-46C1-A452-9726CEEE966F}"
EndProject
Project("{FAE04EC0-301F-11D3-BF4B-00C04F79EFBC}") = "Question05", "Question05\Question05.csproj", "{0A29C106-E8B2-4FFB-940D-743A10CE4985}"
EndProject
Project("{FAE04EC0-301F-11D3-BF4B-00C04F79EFBC}") = "Question06", "Question06\Question06.csproj", "{C64BA0F1-1E2F-4369-85E8-FBB9FE4B856D}"
EndProject
Project("{FAE04EC0-301F-11D3-BF4B-00C04F79EFBC}") = "Question07", "Question07\Question07.csproj", "{CADCE056-886E-4F6D-84B0-05FE1EF759A4}"
EndProject
Project("{FAE04EC0-301F-11D3-BF4B-00C04F79EFBC}") = "Question08", "Question08\Question08.csproj", "{E4E61407-421F-46E5-ADB9-123A75E86C32}"
EndProject
Global
	GlobalSection(SolutionConfigurationPlatforms) = preSolution
		Debug|Any CPU = Debug|Any CPU
		Release|Any CPU = Release|Any CPU
	EndGlobalSection
	GlobalSection(ProjectConfigurationPlatforms) = postSolution
		{263B60DB-D15D-4C0C-8230-662828B94B1B}.Debug|Any CPU.ActiveCfg = Debug|Any CPU
		{263B60DB-D15D-4C0C-8230-662828B94B1B}.Debug|Any CPU.Build.0 = Debug|Any CPU
		{263B60DB-D15D-4C0C-8230-662828B94B1B}.Release|Any CPU.ActiveCfg = Release|Any CPU
		{263B60DB-D15D-4C0C-8230-662828B94B1B}.Release|Any CPU.Build.0 = Release|Any CPU
		{74A59AAE-8C59-4E0E-B701-885445DFC82F}.Debug|Any CPU.ActiveCfg = Debug|Any CPU
		{74A59AAE-8C59-4E0E-B701-885445DFC82F}.Debug|Any CPU.Build.0 = Debug|Any CPU
		{74A59AAE-8C59-4E0E-B701-885445DFC82F}.Release|Any CPU.ActiveCfg = Release|Any CPU
		{74A59AAE-8C59-4E0E-B701-885445DFC82F}.Release|Any CPU.Build.0 = Release|Any CPU
		{E3296846-BCFD-4FBA-AB5E-04891637D085}.Debug|Any CPU.ActiveCfg = Debug|Any CPU
		{E3296846-BCFD-4FBA-AB5E-04891637D085}.Debug|Any CPU.Build.0 = Debug|Any CPU
		{E3296846-BCFD-4FBA-AB5E-04891637D085}.Release|Any CPU.ActiveCfg = Release|Any CPU
		{E3296846-BCFD-4FBA-AB5E-04891637D085}.Release|Any CPU.Build.0 = Release|Any CPU
		{90E64791-F77D-46C1-A452-9726CEEE966F}.Debug|Any CPU.ActiveCfg = Debug|Any CPU
		{90E64791-F77D-46C1-A452-9726CEEE966F}.Debug|Any CPU.Build.0 = Debug|Any CPU
		{90E64791-F77D-46C1-A452-9726CEEE966F}.Release|Any CPU.ActiveCfg = Release|Any CPU
		{90E64791-F77D-46C1-A452-9726CEEE966F}.Release|Any CPU.Build.0 = Release|Any CPU
		{0A29C106-E8B2-4FFB-940D-743A10CE4985}.Debug|Any CPU.ActiveCfg = Debug|Any CPU
		{0A29C106-E8B2-4FFB-940D-743A10CE4985}.Debug|Any CPU.Build.0 = Debug|Any CPU
		{0A29C106-E8B2-4FFB-940D-743A10CE4985}.Release|Any CPU.ActiveCfg = Release|Any CPU
		{0A29C106-E8B2-4FFB-940D-743A10CE4985}.Release|Any CPU.Build.0 = Release|Any CPU
		{C64BA0F1-1E2F-4369-85E8-FBB9FE4B856D}.Debug|Any CPU.ActiveCfg = Debug|Any CPU
		{C64BA0F1-1E2F-4369-85E8-FBB9FE4B856D}.Debug|Any CPU.Build.0 = Debug|Any CPU
		{C64BA0F1-1E2F-4369-85E8-FBB9FE4B856D}.Release|Any CPU.ActiveCfg = Release|Any CPU
		{C64BA0F1-1E2F-4369-85E8-FBB9FE4B856D}.Release|Any CPU.Build.0 = Release|Any CPU
		{CADCE056-886E-4F6D-84B0-05FE1EF759A4}.Debug|Any CPU.ActiveCfg = Debug|Any CPU
		{CADCE056-886E-4F6D-84B0-05FE1EF759A4}.Debug|Any CPU.Build.0 = Debug|Any CPU
		{CADCE056-886E-4F6D-84B0-05FE1EF759A4}.Release|Any CPU.ActiveCfg = Release|Any CPU
		{CADCE056-886E-4F6D-84B0-05FE1EF759A4}.Release|Any CPU.Build.0 = Release|Any CPU
		{E4E61407-421F-46E5-ADB9-123A75E86C32}.Debug|Any CPU.ActiveCfg = Debug|Any CPU
		{E4E61407-421F-46E5-ADB9-123A75E86C32}.Debug|Any CPU.Build.0 = Debug|Any CPU
		{E4E61407-421F-46E5-ADB9-123A75E86C32}.Release|Any CPU.ActiveCfg = Release|Any CPU
		{E4E61407-421F-46E5-ADB9-123A75E86C32}.Release|Any CPU.Build.0 = Release|Any CPU
	EndGlobalSection
	GlobalSection(SolutionProperties) = preSolution
		HideSolutionNode = FALSE
	EndGlobalSection
	GlobalSection(ExtensibilityGlobals) = postSolution
		SolutionGuid = {7B4963BB-633E-406D-AA82-BBDDBCA9AA09}
	EndGlobalSection
EndGlobal
