
Microsoft Visual Studio Solution File, Format Version 12.00
# Visual Studio Version 16
VisualStudioVersion = 16.0.32126.315
MinimumVisualStudioVersion = 10.0.40219.1
Project("{9A19103F-16F7-4668-BE54-9A1E7A4F7556}") = "DemoDataProviderFactory", "DemoDataProviderFactory\DemoDataProviderFactory.csproj", "{2ED9AE39-9997-4020-BC3F-9D37A0D3E206}"
EndProject
Project("{9A19103F-16F7-4668-BE54-9A1E7A4F7556}") = "DemoDisconnectedLayer", "DemoDisconnectedLayer\DemoDisconnectedLayer.csproj", "{DFC3BCB8-0558-44ED-AA60-31B6BE115D01}"
EndProject
Project("{9A19103F-16F7-4668-BE54-9A1E7A4F7556}") = "DemoConnectedLayer", "DemoConnectedLayer\DemoConnectedLayer.csproj", "{F3DA9A0F-453B-48A2-B3AD-20541719BE3E}"
EndProject
Project("{FAE04EC0-301F-11D3-BF4B-00C04F79EFBC}") = "ManageCategoriesApp", "ManageCategoriesApp\ManageCategoriesApp.csproj", "{4ED0AFCD-582E-4013-9F9F-83A5006C9B01}"
EndProject
Global
	GlobalSection(SolutionConfigurationPlatforms) = preSolution
		Debug|Any CPU = Debug|Any CPU
		Release|Any CPU = Release|Any CPU
	EndGlobalSection
	GlobalSection(ProjectConfigurationPlatforms) = postSolution
		{2ED9AE39-9997-4020-BC3F-9D37A0D3E206}.Debug|Any CPU.ActiveCfg = Debug|Any CPU
		{2ED9AE39-9997-4020-BC3F-9D37A0D3E206}.Debug|Any CPU.Build.0 = Debug|Any CPU
		{2ED9AE39-9997-4020-BC3F-9D37A0D3E206}.Release|Any CPU.ActiveCfg = Release|Any CPU
		{2ED9AE39-9997-4020-BC3F-9D37A0D3E206}.Release|Any CPU.Build.0 = Release|Any CPU
		{DFC3BCB8-0558-44ED-AA60-31B6BE115D01}.Debug|Any CPU.ActiveCfg = Debug|Any CPU
		{DFC3BCB8-0558-44ED-AA60-31B6BE115D01}.Debug|Any CPU.Build.0 = Debug|Any CPU
		{DFC3BCB8-0558-44ED-AA60-31B6BE115D01}.Release|Any CPU.ActiveCfg = Release|Any CPU
		{DFC3BCB8-0558-44ED-AA60-31B6BE115D01}.Release|Any CPU.Build.0 = Release|Any CPU
		{F3DA9A0F-453B-48A2-B3AD-20541719BE3E}.Debug|Any CPU.ActiveCfg = Debug|Any CPU
		{F3DA9A0F-453B-48A2-B3AD-20541719BE3E}.Debug|Any CPU.Build.0 = Debug|Any CPU
		{F3DA9A0F-453B-48A2-B3AD-20541719BE3E}.Release|Any CPU.ActiveCfg = Release|Any CPU
		{F3DA9A0F-453B-48A2-B3AD-20541719BE3E}.Release|Any CPU.Build.0 = Release|Any CPU
		{4ED0AFCD-582E-4013-9F9F-83A5006C9B01}.Debug|Any CPU.ActiveCfg = Debug|Any CPU
		{4ED0AFCD-582E-4013-9F9F-83A5006C9B01}.Debug|Any CPU.Build.0 = Debug|Any CPU
		{4ED0AFCD-582E-4013-9F9F-83A5006C9B01}.Release|Any CPU.ActiveCfg = Release|Any CPU
		{4ED0AFCD-582E-4013-9F9F-83A5006C9B01}.Release|Any CPU.Build.0 = Release|Any CPU
	EndGlobalSection
	GlobalSection(SolutionProperties) = preSolution
		HideSolutionNode = FALSE
	EndGlobalSection
	GlobalSection(ExtensibilityGlobals) = postSolution
		SolutionGuid = {0D0B6A45-DAFF-41AE-A2B7-4AF98A1925EE}
	EndGlobalSection
EndGlobal
