
Microsoft Visual Studio Solution File, Format Version 12.00
# Visual Studio Version 16
VisualStudioVersion = 16.0.32126.315
MinimumVisualStudioVersion = 10.0.40219.1
Project("{FAE04EC0-301F-11D3-BF4B-00C04F79EFBC}") = "Question01", "Question01\Question01.csproj", "{9B59A149-4627-4F97-9869-9C8E949B014B}"
EndProject
Global
	GlobalSection(SolutionConfigurationPlatforms) = preSolution
		Debug|Any CPU = Debug|Any CPU
		Release|Any CPU = Release|Any CPU
	EndGlobalSection
	GlobalSection(ProjectConfigurationPlatforms) = postSolution
		{9B59A149-4627-4F97-9869-9C8E949B014B}.Debug|Any CPU.ActiveCfg = Debug|Any CPU
		{9B59A149-4627-4F97-9869-9C8E949B014B}.Debug|Any CPU.Build.0 = Debug|Any CPU
		{9B59A149-4627-4F97-9869-9C8E949B014B}.Release|Any CPU.ActiveCfg = Release|Any CPU
		{9B59A149-4627-4F97-9869-9C8E949B014B}.Release|Any CPU.Build.0 = Release|Any CPU
	EndGlobalSection
	GlobalSection(SolutionProperties) = preSolution
		HideSolutionNode = FALSE
	EndGlobalSection
	GlobalSection(ExtensibilityGlobals) = postSolution
		SolutionGuid = {DEA694F6-A04A-466D-873D-EBA180E3C3BF}
	EndGlobalSection
EndGlobal
